
Microsoft Visual Studio Solution File, Format Version 12.00
# Visual Studio Version 17
VisualStudioVersion = 17.8.34330.188
MinimumVisualStudioVersion = 10.0.40219.1
Project("{FAE04EC0-301F-11D3-BF4B-00C04F79EFBC}") = "LimitedObservableList", "LimitedObservableList.csproj", "{CC4CCCB8-CB70-46BE-A52B-77F816B832BF}"
EndProject
Global
	GlobalSection(SolutionConfigurationPlatforms) = preSolution
		Debug|Any CPU = Debug|Any CPU
		Release|Any CPU = Release|Any CPU
	EndGlobalSection
	GlobalSection(ProjectConfigurationPlatforms) = postSolution
		{CC4CCCB8-CB70-46BE-A52B-77F816B832BF}.Debug|Any CPU.ActiveCfg = Debug|Any CPU
		{CC4CCCB8-CB70-46BE-A52B-77F816B832BF}.Debug|Any CPU.Build.0 = Debug|Any CPU
		{CC4CCCB8-CB70-46BE-A52B-77F816B832BF}.Release|Any CPU.ActiveCfg = Release|Any CPU
		{CC4CCCB8-CB70-46BE-A52B-77F816B832BF}.Release|Any CPU.Build.0 = Release|Any CPU
	EndGlobalSection
	GlobalSection(SolutionProperties) = preSolution
		HideSolutionNode = FALSE
	EndGlobalSection
	GlobalSection(ExtensibilityGlobals) = postSolution
		SolutionGuid = {6C164685-489A-471D-83A6-D293B9A63D89}
	EndGlobalSection
EndGlobal
